
Microsoft Visual Studio Solution File, Format Version 12.00
# Visual Studio Version 17
VisualStudioVersion = 17.0.31903.59
MinimumVisualStudioVersion = 10.0.40219.1
Project("{FAE04EC0-301F-11D3-BF4B-00C04F79EFBC}") = "API", "API\API.csproj", "{0127B78B-8AE6-499A-9924-4C1E9A2EE96A}"
EndProject
Project("{FAE04EC0-301F-11D3-BF4B-00C04F79EFBC}") = "Application", "Application\Application.csproj", "{03BA8B02-324E-4750-AE45-59ABE23C701D}"
EndProject
Project("{FAE04EC0-301F-11D3-BF4B-00C04F79EFBC}") = "Domain", "Domain\Domain.csproj", "{AE3853EC-FF2D-491E-A6C7-850AFB368121}"
EndProject
Project("{FAE04EC0-301F-11D3-BF4B-00C04F79EFBC}") = "Persistence", "Persistence\Persistence.csproj", "{2E1F9D20-F2F0-4037-8711-99332C9A373D}"
EndProject
Global
	GlobalSection(SolutionConfigurationPlatforms) = preSolution
		Debug|Any CPU = Debug|Any CPU
		Debug|x64 = Debug|x64
		Debug|x86 = Debug|x86
		Release|Any CPU = Release|Any CPU
		Release|x64 = Release|x64
		Release|x86 = Release|x86
	EndGlobalSection
	GlobalSection(ProjectConfigurationPlatforms) = postSolution
		{0127B78B-8AE6-499A-9924-4C1E9A2EE96A}.Debug|Any CPU.ActiveCfg = Debug|Any CPU
		{0127B78B-8AE6-499A-9924-4C1E9A2EE96A}.Debug|Any CPU.Build.0 = Debug|Any CPU
		{0127B78B-8AE6-499A-9924-4C1E9A2EE96A}.Debug|x64.ActiveCfg = Debug|Any CPU
		{0127B78B-8AE6-499A-9924-4C1E9A2EE96A}.Debug|x64.Build.0 = Debug|Any CPU
		{0127B78B-8AE6-499A-9924-4C1E9A2EE96A}.Debug|x86.ActiveCfg = Debug|Any CPU
		{0127B78B-8AE6-499A-9924-4C1E9A2EE96A}.Debug|x86.Build.0 = Debug|Any CPU
		{0127B78B-8AE6-499A-9924-4C1E9A2EE96A}.Release|Any CPU.ActiveCfg = Release|Any CPU
		{0127B78B-8AE6-499A-9924-4C1E9A2EE96A}.Release|Any CPU.Build.0 = Release|Any CPU
		{0127B78B-8AE6-499A-9924-4C1E9A2EE96A}.Release|x64.ActiveCfg = Release|Any CPU
		{0127B78B-8AE6-499A-9924-4C1E9A2EE96A}.Release|x64.Build.0 = Release|Any CPU
		{0127B78B-8AE6-499A-9924-4C1E9A2EE96A}.Release|x86.ActiveCfg = Release|Any CPU
		{0127B78B-8AE6-499A-9924-4C1E9A2EE96A}.Release|x86.Build.0 = Release|Any CPU
		{03BA8B02-324E-4750-AE45-59ABE23C701D}.Debug|Any CPU.ActiveCfg = Debug|Any CPU
		{03BA8B02-324E-4750-AE45-59ABE23C701D}.Debug|Any CPU.Build.0 = Debug|Any CPU
		{03BA8B02-324E-4750-AE45-59ABE23C701D}.Debug|x64.ActiveCfg = Debug|Any CPU
		{03BA8B02-324E-4750-AE45-59ABE23C701D}.Debug|x64.Build.0 = Debug|Any CPU
		{03BA8B02-324E-4750-AE45-59ABE23C701D}.Debug|x86.ActiveCfg = Debug|Any CPU
		{03BA8B02-324E-4750-AE45-59ABE23C701D}.Debug|x86.Build.0 = Debug|Any CPU
		{03BA8B02-324E-4750-AE45-59ABE23C701D}.Release|Any CPU.ActiveCfg = Release|Any CPU
		{03BA8B02-324E-4750-AE45-59ABE23C701D}.Release|Any CPU.Build.0 = Release|Any CPU
		{03BA8B02-324E-4750-AE45-59ABE23C701D}.Release|x64.ActiveCfg = Release|Any CPU
		{03BA8B02-324E-4750-AE45-59ABE23C701D}.Release|x64.Build.0 = Release|Any CPU
		{03BA8B02-324E-4750-AE45-59ABE23C701D}.Release|x86.ActiveCfg = Release|Any CPU
		{03BA8B02-324E-4750-AE45-59ABE23C701D}.Release|x86.Build.0 = Release|Any CPU
		{AE3853EC-FF2D-491E-A6C7-850AFB368121}.Debug|Any CPU.ActiveCfg = Debug|Any CPU
		{AE3853EC-FF2D-491E-A6C7-850AFB368121}.Debug|Any CPU.Build.0 = Debug|Any CPU
		{AE3853EC-FF2D-491E-A6C7-850AFB368121}.Debug|x64.ActiveCfg = Debug|Any CPU
		{AE3853EC-FF2D-491E-A6C7-850AFB368121}.Debug|x64.Build.0 = Debug|Any CPU
		{AE3853EC-FF2D-491E-A6C7-850AFB368121}.Debug|x86.ActiveCfg = Debug|Any CPU
		{AE3853EC-FF2D-491E-A6C7-850AFB368121}.Debug|x86.Build.0 = Debug|Any CPU
		{AE3853EC-FF2D-491E-A6C7-850AFB368121}.Release|Any CPU.ActiveCfg = Release|Any CPU
		{AE3853EC-FF2D-491E-A6C7-850AFB368121}.Release|Any CPU.Build.0 = Release|Any CPU
		{AE3853EC-FF2D-491E-A6C7-850AFB368121}.Release|x64.ActiveCfg = Release|Any CPU
		{AE3853EC-FF2D-491E-A6C7-850AFB368121}.Release|x64.Build.0 = Release|Any CPU
		{AE3853EC-FF2D-491E-A6C7-850AFB368121}.Release|x86.ActiveCfg = Release|Any CPU
		{AE3853EC-FF2D-491E-A6C7-850AFB368121}.Release|x86.Build.0 = Release|Any CPU
		{2E1F9D20-F2F0-4037-8711-99332C9A373D}.Debug|Any CPU.ActiveCfg = Debug|Any CPU
		{2E1F9D20-F2F0-4037-8711-99332C9A373D}.Debug|Any CPU.Build.0 = Debug|Any CPU
		{2E1F9D20-F2F0-4037-8711-99332C9A373D}.Debug|x64.ActiveCfg = Debug|Any CPU
		{2E1F9D20-F2F0-4037-8711-99332C9A373D}.Debug|x64.Build.0 = Debug|Any CPU
		{2E1F9D20-F2F0-4037-8711-99332C9A373D}.Debug|x86.ActiveCfg = Debug|Any CPU
		{2E1F9D20-F2F0-4037-8711-99332C9A373D}.Debug|x86.Build.0 = Debug|Any CPU
		{2E1F9D20-F2F0-4037-8711-99332C9A373D}.Release|Any CPU.ActiveCfg = Release|Any CPU
		{2E1F9D20-F2F0-4037-8711-99332C9A373D}.Release|Any CPU.Build.0 = Release|Any CPU
		{2E1F9D20-F2F0-4037-8711-99332C9A373D}.Release|x64.ActiveCfg = Release|Any CPU
		{2E1F9D20-F2F0-4037-8711-99332C9A373D}.Release|x64.Build.0 = Release|Any CPU
		{2E1F9D20-F2F0-4037-8711-99332C9A373D}.Release|x86.ActiveCfg = Release|Any CPU
		{2E1F9D20-F2F0-4037-8711-99332C9A373D}.Release|x86.Build.0 = Release|Any CPU
	EndGlobalSection
	GlobalSection(SolutionProperties) = preSolution
		HideSolutionNode = FALSE
	EndGlobalSection
EndGlobal
